// !$*UTF8*$!
{
	archiveVersion = 1;
	classes = {
	};
	objectVersion = 46;
	objects = {

/* Begin PBXBuildFile section */
		3617F6201AD43DF1006B7D45 /* AppDelegate.swift in Sources */ = {isa = PBXBuildFile; fileRef = 3617F61F1AD43DF1006B7D45 /* AppDelegate.swift */; };
		3617F6221AD43DF1006B7D45 /* ViewController.swift in Sources */ = {isa = PBXBuildFile; fileRef = 3617F6211AD43DF1006B7D45 /* ViewController.swift */; };
		3617F6251AD43DF1006B7D45 /* Main.storyboard in Resources */ = {isa = PBXBuildFile; fileRef = 3617F6231AD43DF1006B7D45 /* Main.storyboard */; };
		3617F6271AD43DF1006B7D45 /* Images.xcassets in Resources */ = {isa = PBXBuildFile; fileRef = 3617F6261AD43DF1006B7D45 /* Images.xcassets */; };
		3617F62A1AD43DF1006B7D45 /* LaunchScreen.xib in Resources */ = {isa = PBXBuildFile; fileRef = 3617F6281AD43DF1006B7D45 /* LaunchScreen.xib */; };
		3617F6361AD43DF2006B7D45 /* CalculatorTests.swift in Sources */ = {isa = PBXBuildFile; fileRef = 3617F6351AD43DF2006B7D45 /* CalculatorTests.swift */; };
/* End PBXBuildFile section */

/* Begin PBXContainerItemProxy section */
		3617F6301AD43DF2006B7D45 /* PBXContainerItemProxy */ = {
			isa = PBXContainerItemProxy;
			containerPortal = 3617F6121AD43DF1006B7D45 /* Project object */;
			proxyType = 1;
			remoteGlobalIDString = 3617F6191AD43DF1006B7D45;
			remoteInfo = Calculator;
		};
/* End PBXContainerItemProxy section */

/* Begin PBXFileReference section */
		3617F61A1AD43DF1006B7D45 /* Calculator.app */ = {isa = PBXFileReference; explicitFileType = wrapper.application; includeInIndex = 0; path = Calculator.app; sourceTree = BUILT_PRODUCTS_DIR; };
		3617F61E1AD43DF1006B7D45 /* Info.plist */ = {isa = PBXFileReference; lastKnownFileType = text.plist.xml; path = Info.plist; sourceTree = "<group>"; };
		3617F61F1AD43DF1006B7D45 /* AppDelegate.swift */ = {isa = PBXFileReference; lastKnownFileType = sourcecode.swift; path = AppDelegate.swift; sourceTree = "<group>"; };
		3617F6211AD43DF1006B7D45 /* ViewController.swift */ = {isa = PBXFileReference; lastKnownFileType = sourcecode.swift; path = ViewController.swift; sourceTree = "<group>"; };
		3617F6241AD43DF1006B7D45 /* Base */ = {isa = PBXFileReference; lastKnownFileType = file.storyboard; name = Base; path = Base.lproj/Main.storyboard; sourceTree = "<group>"; };
		3617F6261AD43DF1006B7D45 /* Images.xcassets */ = {isa = PBXFileReference; lastKnownFileType = folder.assetcatalog; path = Images.xcassets; sourceTree = "<group>"; };
		3617F6291AD43DF1006B7D45 /* Base */ = {isa = PBXFileReference; lastKnownFileType = file.xib; name = Base; path = Base.lproj/LaunchScreen.xib; sourceTree = "<group>"; };
		3617F62F1AD43DF2006B7D45 /* CalculatorTests.xctest */ = {isa = PBXFileReference; explicitFileType = wrapper.cfbundle; includeInIndex = 0; path = CalculatorTests.xctest; sourceTree = BUILT_PRODUCTS_DIR; };
		3617F6341AD43DF2006B7D45 /* Info.plist */ = {isa = PBXFileReference; lastKnownFileType = text.plist.xml; path = Info.plist; sourceTree = "<group>"; };
		3617F6351AD43DF2006B7D45 /* CalculatorTests.swift */ = {isa = PBXFileReference; lastKnownFileType = sourcecode.swift; path = CalculatorTests.swift; sourceTree = "<group>"; };
/* End PBXFileReference section */

/* Begin PBXFrameworksBuildPhase section */
		3617F6171AD43DF1006B7D45 /* Frameworks */ = {
			isa = PBXFrameworksBuildPhase;
			buildActionMask = 2147483647;
			files = (
			);
			runOnlyForDeploymentPostprocessing = 0;
		};
		3617F62C1AD43DF2006B7D45 /* Frameworks */ = {
			isa = PBXFrameworksBuildPhase;
			buildActionMask = 2147483647;
			files = (
			);
			runOnlyForDeploymentPostprocessing = 0;
		};
/* End PBXFrameworksBuildPhase section */

/* Begin PBXGroup section */
		3617F6111AD43DF1006B7D45 = {
			isa = PBXGroup;
			children = (
				3617F61C1AD43DF1006B7D45 /* Calculator */,
				3617F6321AD43DF2006B7D45 /* CalculatorTests */,
				3617F61B1AD43DF1006B7D45 /* Products */,
			);
			sourceTree = "<group>";
		};
		3617F61B1AD43DF1006B7D45 /* Products */ = {
			isa = PBXGroup;
			children = (
				3617F61A1AD43DF1006B7D45 /* Calculator.app */,
				3617F62F1AD43DF2006B7D45 /* CalculatorTests.xctest */,
			);
			name = Products;
			sourceTree = "<group>";
		};
		3617F61C1AD43DF1006B7D45 /* Calculator */ = {
			isa = PBXGroup;
			children = (
				3617F6211AD43DF1006B7D45 /* ViewController.swift */,
				3617F6231AD43DF1006B7D45 /* Main.storyboard */,
				3617F61D1AD43DF1006B7D45 /* Supporting Files */,
			);
			path = Calculator;
			sourceTree = "<group>";
		};
		3617F61D1AD43DF1006B7D45 /* Supporting Files */ = {
			isa = PBXGroup;
			children = (
				3617F6261AD43DF1006B7D45 /* Images.xcassets */,
				3617F6281AD43DF1006B7D45 /* LaunchScreen.xib */,
				3617F61F1AD43DF1006B7D45 /* AppDelegate.swift */,
				3617F61E1AD43DF1006B7D45 /* Info.plist */,
			);
			name = "Supporting Files";
			sourceTree = "<group>";
		};
		3617F6321AD43DF2006B7D45 /* CalculatorTests */ = {
			isa = PBXGroup;
			children = (
				3617F6351AD43DF2006B7D45 /* CalculatorTests.swift */,
				3617F6331AD43DF2006B7D45 /* Supporting Files */,
			);
			path = CalculatorTests;
			sourceTree = "<group>";
		};
		3617F6331AD43DF2006B7D45 /* Supporting Files */ = {
			isa = PBXGroup;
			children = (
				3617F6341AD43DF2006B7D45 /* Info.plist */,
			);
			name = "Supporting Files";
			sourceTree = "<group>";
		};
/* End PBXGroup section */

/* Begin PBXNativeTarget section */
		3617F6191AD43DF1006B7D45 /* Calculator */ = {
			isa = PBXNativeTarget;
			buildConfigurationList = 3617F6391AD43DF2006B7D45 /* Build configuration list for PBXNativeTarget "Calculator" */;
			buildPhases = (
				3617F6161AD43DF1006B7D45 /* Sources */,
				3617F6171AD43DF1006B7D45 /* Frameworks */,
				3617F6181AD43DF1006B7D45 /* Resources */,
			);
			buildRules = (
			);
			dependencies = (
			);
			name = Calculator;
			productName = Calculator;
			productReference = 3617F61A1AD43DF1006B7D45 /* Calculator.app */;
			productType = "com.apple.product-type.application";
		};
		3617F62E1AD43DF2006B7D45 /* CalculatorTests */ = {
			isa = PBXNativeTarget;
			buildConfigurationList = 3617F63C1AD43DF2006B7D45 /* Build configuration list for PBXNativeTarget "CalculatorTests" */;
			buildPhases = (
				3617F62B1AD43DF2006B7D45 /* Sources */,
				3617F62C1AD43DF2006B7D45 /* Frameworks */,
				3617F62D1AD43DF2006B7D45 /* Resources */,
			);
			buildRules = (
			);
			dependencies = (
				3617F6311AD43DF2006B7D45 /* PBXTargetDependency */,
			);
			name = CalculatorTests;
			productName = CalculatorTests;
			productReference = 3617F62F1AD43DF2006B7D45 /* CalculatorTests.xctest */;
			productType = "com.apple.product-type.bundle.unit-test";
		};
/* End PBXNativeTarget section */

/* Begin PBXProject section */
		3617F6121AD43DF1006B7D45 /* Project object */ = {
			isa = PBXProject;
			attributes = {
				LastUpgradeCheck = 0620;
				ORGANIZATIONNAME = "Ahmed Khedr";
				TargetAttributes = {
					3617F6191AD43DF1006B7D45 = {
						CreatedOnToolsVersion = 6.2;
					};
					3617F62E1AD43DF2006B7D45 = {
						CreatedOnToolsVersion = 6.2;
						TestTargetID = 3617F6191AD43DF1006B7D45;
					};
				};
			};
			buildConfigurationList = 3617F6151AD43DF1006B7D45 /* Build configuration list for PBXProject "Calculator" */;
			compatibilityVersion = "Xcode 3.2";
			developmentRegion = English;
			hasScannedForEncodings = 0;
			knownRegions = (
				en,
				Base,
			);
			mainGroup = 3617F6111AD43DF1006B7D45;
			productRefGroup = 3617F61B1AD43DF1006B7D45 /* Products */;
			projectDirPath = "";
			projectRoot = "";
			targets = (
				3617F6191AD43DF1006B7D45 /* Calculator */,
				3617F62E1AD43DF2006B7D45 /* CalculatorTests */,
			);
		};
/* End PBXProject section */

/* Begin PBXResourcesBuildPhase section */
		3617F6181AD43DF1006B7D45 /* Resources */ = {
			isa = PBXResourcesBuildPhase;
			buildActionMask = 2147483647;
			files = (
				3617F6251AD43DF1006B7D45 /* Main.storyboard in Resources */,
				3617F62A1AD43DF1006B7D45 /* LaunchScreen.xib in Resources */,
				3617F6271AD43DF1006B7D45 /* Images.xcassets in Resources */,
			);
			runOnlyForDeploymentPostprocessing = 0;
		};
		3617F62D1AD43DF2006B7D45 /* Resources */ = {
			isa = PBXResourcesBuildPhase;
			buildActionMask = 2147483647;
			files = (
			);
			runOnlyForDeploymentPostprocessing = 0;
		};
/* End PBXResourcesBuildPhase section */

/* Begin PBXSourcesBuildPhase section */
		3617F6161AD43DF1006B7D45 /* Sources */ = {
			isa = PBXSourcesBuildPhase;
			buildActionMask = 2147483647;
			files = (
				3617F6221AD43DF1006B7D45 /* ViewController.swift in Sources */,
				3617F6201AD43DF1006B7D45 /* AppDelegate.swift in Sources */,
			);
			runOnlyForDeploymentPostprocessing = 0;
		};
		3617F62B1AD43DF2006B7D45 /* Sources */ = {
			isa = PBXSourcesBuildPhase;
			buildActionMask = 2147483647;
			files = (
				3617F6361AD43DF2006B7D45 /* CalculatorTests.swift in Sources */,
			);
			runOnlyForDeploymentPostprocessing = 0;
		};
/* End PBXSourcesBuildPhase section */

/* Begin PBXTargetDependency section */
		3617F6311AD43DF2006B7D45 /* PBXTargetDependency */ = {
			isa = PBXTargetDependency;
			target = 3617F6191AD43DF1006B7D45 /* Calculator */;
			targetProxy = 3617F6301AD43DF2006B7D45 /* PBXContainerItemProxy */;
		};
/* End PBXTargetDependency section */

/* Begin PBXVariantGroup section */
		3617F6231AD43DF1006B7D45 /* Main.storyboard */ = {
			isa = PBXVariantGroup;
			children = (
				3617F6241AD43DF1006B7D45 /* Base */,
			);
			name = Main.storyboard;
			sourceTree = "<group>";
		};
		3617F6281AD43DF1006B7D45 /* LaunchScreen.xib */ = {
			isa = PBXVariantGroup;
			children = (
				3617F6291AD43DF1006B7D45 /* Base */,
			);
			name = LaunchScreen.xib;
			sourceTree = "<group>";
		};
/* End PBXVariantGroup section */

/* Begin XCBuildConfiguration section */
		3617F6371AD43DF2006B7D45 /* Debug */ = {
			isa = XCBuildConfiguration;
			buildSettings = {
				ALWAYS_SEARCH_USER_PATHS = NO;
				CLANG_CXX_LANGUAGE_STANDARD = "gnu++0x";
				CLANG_CXX_LIBRARY = "libc++";
				CLANG_ENABLE_MODULES = YES;
				CLANG_ENABLE_OBJC_ARC = YES;
				CLANG_WARN_BOOL_CONVERSION = YES;
				CLANG_WARN_CONSTANT_CONVERSION = YES;
				CLANG_WARN_DIRECT_OBJC_ISA_USAGE = YES_ERROR;
				CLANG_WARN_EMPTY_BODY = YES;
				CLANG_WARN_ENUM_CONVERSION = YES;
				CLANG_WARN_INT_CONVERSION = YES;
				CLANG_WARN_OBJC_ROOT_CLASS = YES_ERROR;
				CLANG_WARN_UNREACHABLE_CODE = YES;
				CLANG_WARN__DUPLICATE_METHOD_MATCH = YES;
				"CODE_SIGN_IDENTITY[sdk=iphoneos*]" = "iPhone Developer";
				COPY_PHASE_STRIP = NO;
				ENABLE_STRICT_OBJC_MSGSEND = YES;
				GCC_C_LANGUAGE_STANDARD = gnu99;
				GCC_DYNAMIC_NO_PIC = NO;
				GCC_OPTIMIZATION_LEVEL = 0;
				GCC_PREPROCESSOR_DEFINITIONS = (
					"DEBUG=1",
					"$(inherited)",
				);
				GCC_SYMBOLS_PRIVATE_EXTERN = NO;
				GCC_WARN_64_TO_32_BIT_CONVERSION = YES;
				GCC_WARN_ABOUT_RETURN_TYPE = YES_ERROR;
				GCC_WARN_UNDECLARED_SELECTOR = YES;
				GCC_WARN_UNINITIALIZED_AUTOS = YES_AGGRESSIVE;
				GCC_WARN_UNUSED_FUNCTION = YES;
				GCC_WARN_UNUSED_VARIABLE = YES;
				IPHONEOS_DEPLOYMENT_TARGET = 8.2;
				MTL_ENABLE_DEBUG_INFO = YES;
				ONLY_ACTIVE_ARCH = YES;
				SDKROOT = iphoneos;
				SWIFT_OPTIMIZATION_LEVEL = "-Onone";
				TARGETED_DEVICE_FAMILY = "1,2";
			};
			name = Debug;
		};
		3617F6381AD43DF2006B7D45 /* Release */ = {
			isa = XCBuildConfiguration;
			buildSettings = {
				ALWAYS_SEARCH_USER_PATHS = NO;
				CLANG_CXX_LANGUAGE_STANDARD = "gnu++0x";
				CLANG_CXX_LIBRARY = "libc++";
				CLANG_ENABLE_MODULES = YES;
				CLANG_ENABLE_OBJC_ARC = YES;
				CLANG_WARN_BOOL_CONVERSION = YES;
				CLANG_WARN_CONSTANT_CONVERSION = YES;
				CLANG_WARN_DIRECT_OBJC_ISA_USAGE = YES_ERROR;
				CLANG_WARN_EMPTY_BODY = YES;
				CLANG_WARN_ENUM_CONVERSION = YES;
				CLANG_WARN_INT_CONVERSION = YES;
				CLANG_WARN_OBJC_ROOT_CLASS = YES_ERROR;
				CLANG_WARN_UNREACHABLE_CODE = YES;
				CLANG_WARN__DUPLICATE_METHOD_MATCH = YES;
				"CODE_SIGN_IDENTITY[sdk=iphoneos*]" = "iPhone Developer";
				COPY_PHASE_STRIP = NO;
				ENABLE_NS_ASSERTIONS = NO;
				ENABLE_STRICT_OBJC_MSGSEND = YES;
				GCC_C_LANGUAGE_STANDARD = gnu99;
				GCC_WARN_64_TO_32_BIT_CONVERSION = YES;
				GCC_WARN_ABOUT_RETURN_TYPE = YES_ERROR;
				GCC_WARN_UNDECLARED_SELECTOR = YES;
				GCC_WARN_UNINITIALIZED_AUTOS = YES_AGGRESSIVE;
				GCC_WARN_UNUSED_FUNCTION = YES;
				GCC_WARN_UNUSED_VARIABLE = YES;
				IPHONEOS_DEPLOYMENT_TARGET = 8.2;
				MTL_ENABLE_DEBUG_INFO = NO;
				SDKROOT = iphoneos;
				TARGETED_DEVICE_FAMILY = "1,2";
				VALIDATE_PRODUCT = YES;
			};
			name = Release;
		};
		3617F63A1AD43DF2006B7D45 /* Debug */ = {
			isa = XCBuildConfiguration;
			buildSettings = {
				ASSETCATALOG_COMPILER_APPICON_NAME = AppIcon;
				INFOPLIST_FILE = Calculator/Info.plist;
				LD_RUNPATH_SEARCH_PATHS = "$(inherited) @executable_path/Frameworks";
				PRODUCT_NAME = "$(TARGET_NAME)";
			};
			name = Debug;
		};
		3617F63B1AD43DF2006B7D45 /* Release */ = {
			isa = XCBuildConfiguration;
			buildSettings = {
				ASSETCATALOG_COMPILER_APPICON_NAME = AppIcon;
				INFOPLIST_FILE = Calculator/Info.plist;
				LD_RUNPATH_SEARCH_PATHS = "$(inherited) @executable_path/Frameworks";
				PRODUCT_NAME = "$(TARGET_NAME)";
			};
			name = Release;
		};
		3617F63D1AD43DF2006B7D45 /* Debug */ = {
			isa = XCBuildConfiguration;
			buildSettings = {
				BUNDLE_LOADER = "$(TEST_HOST)";
				FRAMEWORK_SEARCH_PATHS = (
					"$(SDKROOT)/Developer/Library/Frameworks",
					"$(inherited)",
				);
				GCC_PREPROCESSOR_DEFINITIONS = (
					"DEBUG=1",
					"$(inherited)",
				);
				INFOPLIST_FILE = CalculatorTests/Info.plist;
				LD_RUNPATH_SEARCH_PATHS = "$(inherited) @executable_path/Frameworks @loader_path/Frameworks";
				PRODUCT_NAME = "$(TARGET_NAME)";
				TEST_HOST = "$(BUILT_PRODUCTS_DIR)/Calculator.app/Calculator";
			};
			name = Debug;
		};
		3617F63E1AD43DF2006B7D45 /* Release */ = {
			isa = XCBuildConfiguration;
			buildSettings = {
				BUNDLE_LOADER = "$(TEST_HOST)";
				FRAMEWORK_SEARCH_PATHS = (
					"$(SDKROOT)/Developer/Library/Frameworks",
					"$(inherited)",
				);
				INFOPLIST_FILE = CalculatorTests/Info.plist;
				LD_RUNPATH_SEARCH_PATHS = "$(inherited) @executable_path/Frameworks @loader_path/Frameworks";
				PRODUCT_NAME = "$(TARGET_NAME)";
				TEST_HOST = "$(BUILT_PRODUCTS_DIR)/Calculator.app/Calculator";
			};
			name = Release;
		};
/* End XCBuildConfiguration section */

/* Begin XCConfigurationList section */
		3617F6151AD43DF1006B7D45 /* Build configuration list for PBXProject "Calculator" */ = {
			isa = XCConfigurationList;
			buildConfigurations = (
				3617F6371AD43DF2006B7D45 /* Debug */,
				3617F6381AD43DF2006B7D45 /* Release */,
			);
			defaultConfigurationIsVisible = 0;
			defaultConfigurationName = Release;
		};
		3617F6391AD43DF2006B7D45 /* Build configuration list for PBXNativeTarget "Calculator" */ = {
			isa = XCConfigurationList;
			buildConfigurations = (
				3617F63A1AD43DF2006B7D45 /* Debug */,
				3617F63B1AD43DF2006B7D45 /* Release */,
			);
			defaultConfigurationIsVisible = 0;
		};
		3617F63C1AD43DF2006B7D45 /* Build configuration list for PBXNativeTarget "CalculatorTests" */ = {
			isa = XCConfigurationList;
			buildConfigurations = (
				3617F63D1AD43DF2006B7D45 /* Debug */,
				3617F63E1AD43DF2006B7D45 /* Release */,
			);
			defaultConfigurationIsVisible = 0;
		};
/* End XCConfigurationList section */
	};
	rootObject = 3617F6121AD43DF1006B7D45 /* Project object */;
}
